
Microsoft Visual Studio Solution File, Format Version 12.00
# Visual Studio 15
VisualStudioVersion = 15.0.28307.271
MinimumVisualStudioVersion = 10.0.40219.1
Project("{FAE04EC0-301F-11D3-BF4B-00C04F79EFBC}") = "TRMDataManager", "TRMDataManager\TRMDataManager.csproj", "{39779BD8-496C-42A8-A5A8-E236F7F0DD11}"
EndProject
Global
	GlobalSection(SolutionConfigurationPlatforms) = preSolution
		Debug|Any CPU = Debug|Any CPU
		Release|Any CPU = Release|Any CPU
	EndGlobalSection
	GlobalSection(ProjectConfigurationPlatforms) = postSolution
		{39779BD8-496C-42A8-A5A8-E236F7F0DD11}.Debug|Any CPU.ActiveCfg = Debug|Any CPU
		{39779BD8-496C-42A8-A5A8-E236F7F0DD11}.Debug|Any CPU.Build.0 = Debug|Any CPU
		{39779BD8-496C-42A8-A5A8-E236F7F0DD11}.Release|Any CPU.ActiveCfg = Release|Any CPU
		{39779BD8-496C-42A8-A5A8-E236F7F0DD11}.Release|Any CPU.Build.0 = Release|Any CPU
	EndGlobalSection
	GlobalSection(SolutionProperties) = preSolution
		HideSolutionNode = FALSE
	EndGlobalSection
	GlobalSection(ExtensibilityGlobals) = postSolution
		SolutionGuid = {4FB3FFA5-C0B4-48C6-B069-5C8A05C165D0}
	EndGlobalSection
EndGlobal
